{"1.2.0",
[{<<"app_config">>,
  {git,"https://github.com/leapsight/app_config.git",
       {ref,"01fa09bf6b7cac41b13a15552b6a9cc132acdaf4"}},
  1},
 {<<"backoff">>,{pkg,<<"backoff">>,<<"1.1.6">>},1},
 {<<"base62">>,
  {git,"https://github.com/leapsight/base62.git",
       {ref,"6e1c622c2e9bba51fadba44fa050d4b4ae706890"}},
  2},
 {<<"cache">>,{pkg,<<"cache">>,<<"2.3.3">>},0},
 {<<"gproc">>,{pkg,<<"gproc">>,<<"1.2.0">>},0},
 {<<"jsone">>,{pkg,<<"jsone">>,<<"1.8.0">>},0},
 {<<"key_value">>,
  {git,"https://gitlab.com/leapsight/key_value.git",
       {ref,"414fb19cd067b368666ceb5a2a63f1f24109562b"}},
  1},
 {<<"ksuid">>,
  {git,"https://github.com/leapsight/ksuid.git",
       {ref,"58789482cc50da5198c1cc4ca7ae2e3f2e3074a7"}},
  1},
 {<<"leap">>,
  {git,"https://github.com/leapsight/leap.git",
       {ref,"c35f181054a827023d9412b81b770c486b2a1cd1"}},
  0},
 {<<"maps_utils">>,
  {git,"https://github.com/Leapsight/maps_utils.git",
       {ref,"afa2da62e0e691ce33d1008cc424c994fff339bf"}},
  1},
 {<<"pooler">>,
  {git,"https://github.com/epgsql/pooler.git",
       {ref,"bb2638c4b5977bcf4be1c3f1ea2ec54d4c49af77"}},
  1},
 {<<"reliable">>,
  {git,"https://github.com/leapsight/reliable.git",
       {ref,"295e9f310e9c27c1f8718e4dfdc3a6526058f646"}},
  0},
 {<<"riak_pb">>,
  {git,"https://github.com/ivano9/riak_pb",
       {ref,"00170298313d76a7c125280b53398189066333ea"}},
  1},
 {<<"riak_pool">>,
  {git,"https://github.com/ivano9/riak_pool.git",
       {ref,"9507cff52d53fcc9584c25baf7004481660c4a50"}},
  0},
 {<<"riakc">>,
  {git,"https://github.com/ivano9/riak-erlang-client.git",
       {ref,"2b2ce5607f5b640bcaa2ffa92d28c04c9eea50a8"}},
  0},
 {<<"telemetry">>,{pkg,<<"telemetry">>,<<"1.4.2">>},0},
 {<<"utils">>,
  {git,"https://github.com/leapsight/utils.git",
       {ref,"641bd36d997970d355a700009bbaa6b84f0bd987"}},
  0}]}.
[
{pkg_hash,[
 {<<"backoff">>, <<"83B72ED2108BA1EE8F7D1C22E0B4A00CFE3593A67DBC792799E8CCE9F42F796B">>},
 {<<"cache">>, <<"B23A5FE7095445A88412A6E614C933377E0137B44FFED77C9B3FEF1A731A20B2">>},
 {<<"gproc">>, <<"B06DC2A5AAA78F8902E6C0032F29362EA1C1CDA941216F085A04A76FC0CDF7CC">>},
 {<<"jsone">>, <<"347FF1FA700E182E1F9C5012FA6D737B12C854313B9AE6954CA75D3987D6C06D">>},
 {<<"telemetry">>, <<"A0CB522801DFFB1C49FE6E30561BADFFC7B6D0E180DB1300DF759FAA22062855">>}]},
{pkg_hash_ext,[
 {<<"backoff">>, <<"CF0CFFF8995FB20562F822E5CC47D8CCF664C5ECDC26A684CBE85C225F9D7C39">>},
 {<<"cache">>, <<"44516CE6FA03594D3A2AF025DD3A87BFE711000EB730219E1DDEFC816E0AA2F4">>},
 {<<"gproc">>, <<"70C6F8C91FA5974296CD87974949D8EAB953230414F31C4A623FF75131E0827A">>},
 {<<"jsone">>, <<"08560B78624A12E0B5E7EC0271EC8CA38EF51F63D84D84843473E14D9B12618C">>},
 {<<"telemetry">>, <<"928F6495066506077862C0D1646609EED891A4326BEE3126BA54B60AF61FEBB1">>}]}
].
